// !$*UTF8*$!
{
	archiveVersion = 1;
	classes = {
	};
	objectVersion = 50;
	objects = {

/* Begin PBXBuildFile section */
		488141A5226099E90005AA96 /* main.c in Sources */ = {isa = PBXBuildFile; fileRef = 488141A4226099E90005AA96 /* main.c */; };
		48E14D382224061B00852151 /* main.c in Sources */ = {isa = PBXBuildFile; fileRef = 48E14D372224061B00852151 /* main.c */; };
		48E14D4322253DB400852151 /* main.c in Sources */ = {isa = PBXBuildFile; fileRef = 48E14D4222253DB400852151 /* main.c */; };
/* End PBXBuildFile section */

/* Begin PBXCopyFilesBuildPhase section */
		488141A0226099E90005AA96 /* CopyFiles */ = {
			isa = PBXCopyFilesBuildPhase;
			buildActionMask = 2147483647;
			dstPath = /usr/share/man/man1/;
			dstSubfolderSpec = 0;
			files = (
			);
			runOnlyForDeploymentPostprocessing = 1;
		};
		48E14D25222405FF00852151 /* CopyFiles */ = {
			isa = PBXCopyFilesBuildPhase;
			buildActionMask = 2147483647;
			dstPath = /usr/share/man/man1/;
			dstSubfolderSpec = 0;
			files = (
			);
			runOnlyForDeploymentPostprocessing = 1;
		};
		48E14D332224061B00852151 /* CopyFiles */ = {
			isa = PBXCopyFilesBuildPhase;
			buildActionMask = 2147483647;
			dstPath = /usr/share/man/man1/;
			dstSubfolderSpec = 0;
			files = (
			);
			runOnlyForDeploymentPostprocessing = 1;
		};
		48E14D3E22253DB300852151 /* CopyFiles */ = {
			isa = PBXCopyFilesBuildPhase;
			buildActionMask = 2147483647;
			dstPath = /usr/share/man/man1/;
			dstSubfolderSpec = 0;
			files = (
			);
			runOnlyForDeploymentPostprocessing = 1;
		};
/* End PBXCopyFilesBuildPhase section */

/* Begin PBXFileReference section */
		488141A2226099E90005AA96 /* bisection_method_of_linear_equation */ = {isa = PBXFileReference; explicitFileType = "compiled.mach-o.executable"; includeInIndex = 0; path = bisection_method_of_linear_equation; sourceTree = BUILT_PRODUCTS_DIR; };
		488141A4226099E90005AA96 /* main.c */ = {isa = PBXFileReference; lastKnownFileType = sourcecode.c.c; path = main.c; sourceTree = "<group>"; };
		48E14D27222405FF00852151 /* my_c_practice */ = {isa = PBXFileReference; explicitFileType = "compiled.mach-o.executable"; includeInIndex = 0; path = my_c_practice; sourceTree = BUILT_PRODUCTS_DIR; };
		48E14D352224061B00852151 /* is_valid_date_or_not */ = {isa = PBXFileReference; explicitFileType = "compiled.mach-o.executable"; includeInIndex = 0; path = is_valid_date_or_not; sourceTree = BUILT_PRODUCTS_DIR; };
		48E14D372224061B00852151 /* main.c */ = {isa = PBXFileReference; lastKnownFileType = sourcecode.c.c; path = main.c; sourceTree = "<group>"; };
		48E14D4022253DB300852151 /* testing_ground */ = {isa = PBXFileReference; explicitFileType = "compiled.mach-o.executable"; includeInIndex = 0; path = testing_ground; sourceTree = BUILT_PRODUCTS_DIR; };
		48E14D4222253DB400852151 /* main.c */ = {isa = PBXFileReference; lastKnownFileType = sourcecode.c.c; path = main.c; sourceTree = "<group>"; };
/* End PBXFileReference section */

/* Begin PBXFrameworksBuildPhase section */
		4881419F226099E90005AA96 /* Frameworks */ = {
			isa = PBXFrameworksBuildPhase;
			buildActionMask = 2147483647;
			files = (
			);
			runOnlyForDeploymentPostprocessing = 0;
		};
		48E14D24222405FF00852151 /* Frameworks */ = {
			isa = PBXFrameworksBuildPhase;
			buildActionMask = 2147483647;
			files = (
			);
			runOnlyForDeploymentPostprocessing = 0;
		};
		48E14D322224061B00852151 /* Frameworks */ = {
			isa = PBXFrameworksBuildPhase;
			buildActionMask = 2147483647;
			files = (
			);
			runOnlyForDeploymentPostprocessing = 0;
		};
		48E14D3D22253DB300852151 /* Frameworks */ = {
			isa = PBXFrameworksBuildPhase;
			buildActionMask = 2147483647;
			files = (
			);
			runOnlyForDeploymentPostprocessing = 0;
		};
/* End PBXFrameworksBuildPhase section */

/* Begin PBXGroup section */
		488141A3226099E90005AA96 /* bisection_method_of_linear_equation */ = {
			isa = PBXGroup;
			children = (
				488141A4226099E90005AA96 /* main.c */,
			);
			path = bisection_method_of_linear_equation;
			sourceTree = "<group>";
		};
		48E14D1E222405FF00852151 = {
			isa = PBXGroup;
			children = (
				48E14D362224061B00852151 /* is_valid_date_or_not */,
				48E14D4122253DB400852151 /* testing_ground */,
				488141A3226099E90005AA96 /* bisection_method_of_linear_equation */,
				48E14D28222405FF00852151 /* Products */,
			);
			sourceTree = "<group>";
		};
		48E14D28222405FF00852151 /* Products */ = {
			isa = PBXGroup;
			children = (
				48E14D27222405FF00852151 /* my_c_practice */,
				48E14D352224061B00852151 /* is_valid_date_or_not */,
				48E14D4022253DB300852151 /* testing_ground */,
				488141A2226099E90005AA96 /* bisection_method_of_linear_equation */,
			);
			name = Products;
			sourceTree = "<group>";
		};
		48E14D362224061B00852151 /* is_valid_date_or_not */ = {
			isa = PBXGroup;
			children = (
				48E14D372224061B00852151 /* main.c */,
			);
			path = is_valid_date_or_not;
			sourceTree = "<group>";
		};
		48E14D4122253DB400852151 /* testing_ground */ = {
			isa = PBXGroup;
			children = (
				48E14D4222253DB400852151 /* main.c */,
			);
			path = testing_ground;
			sourceTree = "<group>";
		};
/* End PBXGroup section */

/* Begin PBXNativeTarget section */
		488141A1226099E90005AA96 /* bisection_method_of_linear_equation */ = {
			isa = PBXNativeTarget;
			buildConfigurationList = 488141A8226099E90005AA96 /* Build configuration list for PBXNativeTarget "bisection_method_of_linear_equation" */;
			buildPhases = (
				4881419E226099E90005AA96 /* Sources */,
				4881419F226099E90005AA96 /* Frameworks */,
				488141A0226099E90005AA96 /* CopyFiles */,
			);
			buildRules = (
			);
			dependencies = (
			);
			name = bisection_method_of_linear_equation;
			productName = bisection_method_of_linear_equation;
			productReference = 488141A2226099E90005AA96 /* bisection_method_of_linear_equation */;
			productType = "com.apple.product-type.tool";
		};
		48E14D26222405FF00852151 /* my_c_practice */ = {
			isa = PBXNativeTarget;
			buildConfigurationList = 48E14D2E222405FF00852151 /* Build configuration list for PBXNativeTarget "my_c_practice" */;
			buildPhases = (
				48E14D23222405FF00852151 /* Sources */,
				48E14D24222405FF00852151 /* Frameworks */,
				48E14D25222405FF00852151 /* CopyFiles */,
			);
			buildRules = (
			);
			dependencies = (
			);
			name = my_c_practice;
			productName = my_c_practice;
			productReference = 48E14D27222405FF00852151 /* my_c_practice */;
			productType = "com.apple.product-type.tool";
		};
		48E14D342224061B00852151 /* is_valid_date_or_not */ = {
			isa = PBXNativeTarget;
			buildConfigurationList = 48E14D392224061B00852151 /* Build configuration list for PBXNativeTarget "is_valid_date_or_not" */;
			buildPhases = (
				48E14D312224061B00852151 /* Sources */,
				48E14D322224061B00852151 /* Frameworks */,
				48E14D332224061B00852151 /* CopyFiles */,
			);
			buildRules = (
			);
			dependencies = (
			);
			name = is_valid_date_or_not;
			productName = is_valid_date_or_not;
			productReference = 48E14D352224061B00852151 /* is_valid_date_or_not */;
			productType = "com.apple.product-type.tool";
		};
		48E14D3F22253DB300852151 /* testing_ground */ = {
			isa = PBXNativeTarget;
			buildConfigurationList = 48E14D4422253DB400852151 /* Build configuration list for PBXNativeTarget "testing_ground" */;
			buildPhases = (
				48E14D3C22253DB300852151 /* Sources */,
				48E14D3D22253DB300852151 /* Frameworks */,
				48E14D3E22253DB300852151 /* CopyFiles */,
			);
			buildRules = (
			);
			dependencies = (
			);
			name = testing_ground;
			productName = testing_ground;
			productReference = 48E14D4022253DB300852151 /* testing_ground */;
			productType = "com.apple.product-type.tool";
		};
/* End PBXNativeTarget section */

/* Begin PBXProject section */
		48E14D1F222405FF00852151 /* Project object */ = {
			isa = PBXProject;
			attributes = {
				LastUpgradeCheck = 1010;
				ORGANIZATIONNAME = "Michael Hui";
				TargetAttributes = {
					488141A1226099E90005AA96 = {
						CreatedOnToolsVersion = 10.2;
					};
					48E14D26222405FF00852151 = {
						CreatedOnToolsVersion = 10.1;
					};
					48E14D342224061B00852151 = {
						CreatedOnToolsVersion = 10.1;
					};
					48E14D3F22253DB300852151 = {
						CreatedOnToolsVersion = 10.1;
					};
				};
			};
			buildConfigurationList = 48E14D22222405FF00852151 /* Build configuration list for PBXProject "my_c_practice" */;
			compatibilityVersion = "Xcode 9.3";
			developmentRegion = en;
			hasScannedForEncodings = 0;
			knownRegions = (
				en,
				Base,
			);
			mainGroup = 48E14D1E222405FF00852151;
			productRefGroup = 48E14D28222405FF00852151 /* Products */;
			projectDirPath = "";
			projectRoot = "";
			targets = (
				48E14D26222405FF00852151 /* my_c_practice */,
				48E14D342224061B00852151 /* is_valid_date_or_not */,
				48E14D3F22253DB300852151 /* testing_ground */,
				488141A1226099E90005AA96 /* bisection_method_of_linear_equation */,
			);
		};
/* End PBXProject section */

/* Begin PBXSourcesBuildPhase section */
		4881419E226099E90005AA96 /* Sources */ = {
			isa = PBXSourcesBuildPhase;
			buildActionMask = 2147483647;
			files = (
				488141A5226099E90005AA96 /* main.c in Sources */,
			);
			runOnlyForDeploymentPostprocessing = 0;
		};
		48E14D23222405FF00852151 /* Sources */ = {
			isa = PBXSourcesBuildPhase;
			buildActionMask = 2147483647;
			files = (
			);
			runOnlyForDeploymentPostprocessing = 0;
		};
		48E14D312224061B00852151 /* Sources */ = {
			isa = PBXSourcesBuildPhase;
			buildActionMask = 2147483647;
			files = (
				48E14D382224061B00852151 /* main.c in Sources */,
			);
			runOnlyForDeploymentPostprocessing = 0;
		};
		48E14D3C22253DB300852151 /* Sources */ = {
			isa = PBXSourcesBuildPhase;
			buildActionMask = 2147483647;
			files = (
				48E14D4322253DB400852151 /* main.c in Sources */,
			);
			runOnlyForDeploymentPostprocessing = 0;
		};
/* End PBXSourcesBuildPhase section */

/* Begin XCBuildConfiguration section */
		488141A6226099E90005AA96 /* Debug */ = {
			isa = XCBuildConfiguration;
			buildSettings = {
				CODE_SIGN_STYLE = Automatic;
				DEVELOPMENT_TEAM = F89HYZ4J46;
				PRODUCT_NAME = "$(TARGET_NAME)";
			};
			name = Debug;
		};
		488141A7226099E90005AA96 /* Release */ = {
			isa = XCBuildConfiguration;
			buildSettings = {
				CODE_SIGN_STYLE = Automatic;
				DEVELOPMENT_TEAM = F89HYZ4J46;
				PRODUCT_NAME = "$(TARGET_NAME)";
			};
			name = Release;
		};
		48E14D2C222405FF00852151 /* Debug */ = {
			isa = XCBuildConfiguration;
			buildSettings = {
				ALWAYS_SEARCH_USER_PATHS = NO;
				CLANG_ANALYZER_NONNULL = YES;
				CLANG_ANALYZER_NUMBER_OBJECT_CONVERSION = YES_AGGRESSIVE;
				CLANG_CXX_LANGUAGE_STANDARD = "gnu++14";
				CLANG_CXX_LIBRARY = "libc++";
				CLANG_ENABLE_MODULES = YES;
				CLANG_ENABLE_OBJC_ARC = YES;
				CLANG_ENABLE_OBJC_WEAK = YES;
				CLANG_WARN_BLOCK_CAPTURE_AUTORELEASING = YES;
				CLANG_WARN_BOOL_CONVERSION = YES;
				CLANG_WARN_COMMA = YES;
				CLANG_WARN_CONSTANT_CONVERSION = YES;
				CLANG_WARN_DEPRECATED_OBJC_IMPLEMENTATIONS = YES;
				CLANG_WARN_DIRECT_OBJC_ISA_USAGE = YES_ERROR;
				CLANG_WARN_DOCUMENTATION_COMMENTS = YES;
				CLANG_WARN_EMPTY_BODY = YES;
				CLANG_WARN_ENUM_CONVERSION = YES;
				CLANG_WARN_INFINITE_RECURSION = YES;
				CLANG_WARN_INT_CONVERSION = YES;
				CLANG_WARN_NON_LITERAL_NULL_CONVERSION = YES;
				CLANG_WARN_OBJC_IMPLICIT_RETAIN_SELF = YES;
				CLANG_WARN_OBJC_LITERAL_CONVERSION = YES;
				CLANG_WARN_OBJC_ROOT_CLASS = YES_ERROR;
				CLANG_WARN_RANGE_LOOP_ANALYSIS = YES;
				CLANG_WARN_STRICT_PROTOTYPES = YES;
				CLANG_WARN_SUSPICIOUS_MOVE = YES;
				CLANG_WARN_UNGUARDED_AVAILABILITY = YES_AGGRESSIVE;
				CLANG_WARN_UNREACHABLE_CODE = YES;
				CLANG_WARN__DUPLICATE_METHOD_MATCH = YES;
				CODE_SIGN_IDENTITY = "Mac Developer";
				COPY_PHASE_STRIP = NO;
				DEBUG_INFORMATION_FORMAT = dwarf;
				ENABLE_STRICT_OBJC_MSGSEND = YES;
				ENABLE_TESTABILITY = YES;
				GCC_C_LANGUAGE_STANDARD = gnu11;
				GCC_DYNAMIC_NO_PIC = NO;
				GCC_NO_COMMON_BLOCKS = YES;
				GCC_OPTIMIZATION_LEVEL = 0;
				GCC_PREPROCESSOR_DEFINITIONS = (
					"DEBUG=1",
					"$(inherited)",
				);
				GCC_WARN_64_TO_32_BIT_CONVERSION = YES;
				GCC_WARN_ABOUT_RETURN_TYPE = YES_ERROR;
				GCC_WARN_UNDECLARED_SELECTOR = YES;
				GCC_WARN_UNINITIALIZED_AUTOS = YES_AGGRESSIVE;
				GCC_WARN_UNUSED_FUNCTION = YES;
				GCC_WARN_UNUSED_VARIABLE = YES;
				MACOSX_DEPLOYMENT_TARGET = 10.14;
				MTL_ENABLE_DEBUG_INFO = INCLUDE_SOURCE;
				MTL_FAST_MATH = YES;
				ONLY_ACTIVE_ARCH = YES;
				SDKROOT = macosx;
			};
			name = Debug;
		};
		48E14D2D222405FF00852151 /* Release */ = {
			isa = XCBuildConfiguration;
			buildSettings = {
				ALWAYS_SEARCH_USER_PATHS = NO;
				CLANG_ANALYZER_NONNULL = YES;
				CLANG_ANALYZER_NUMBER_OBJECT_CONVERSION = YES_AGGRESSIVE;
				CLANG_CXX_LANGUAGE_STANDARD = "gnu++14";
				CLANG_CXX_LIBRARY = "libc++";
				CLANG_ENABLE_MODULES = YES;
				CLANG_ENABLE_OBJC_ARC = YES;
				CLANG_ENABLE_OBJC_WEAK = YES;
				CLANG_WARN_BLOCK_CAPTURE_AUTORELEASING = YES;
				CLANG_WARN_BOOL_CONVERSION = YES;
				CLANG_WARN_COMMA = YES;
				CLANG_WARN_CONSTANT_CONVERSION = YES;
				CLANG_WARN_DEPRECATED_OBJC_IMPLEMENTATIONS = YES;
				CLANG_WARN_DIRECT_OBJC_ISA_USAGE = YES_ERROR;
				CLANG_WARN_DOCUMENTATION_COMMENTS = YES;
				CLANG_WARN_EMPTY_BODY = YES;
				CLANG_WARN_ENUM_CONVERSION = YES;
				CLANG_WARN_INFINITE_RECURSION = YES;
				CLANG_WARN_INT_CONVERSION = YES;
				CLANG_WARN_NON_LITERAL_NULL_CONVERSION = YES;
				CLANG_WARN_OBJC_IMPLICIT_RETAIN_SELF = YES;
				CLANG_WARN_OBJC_LITERAL_CONVERSION = YES;
				CLANG_WARN_OBJC_ROOT_CLASS = YES_ERROR;
				CLANG_WARN_RANGE_LOOP_ANALYSIS = YES;
				CLANG_WARN_STRICT_PROTOTYPES = YES;
				CLANG_WARN_SUSPICIOUS_MOVE = YES;
				CLANG_WARN_UNGUARDED_AVAILABILITY = YES_AGGRESSIVE;
				CLANG_WARN_UNREACHABLE_CODE = YES;
				CLANG_WARN__DUPLICATE_METHOD_MATCH = YES;
				CODE_SIGN_IDENTITY = "Mac Developer";
				COPY_PHASE_STRIP = NO;
				DEBUG_INFORMATION_FORMAT = "dwarf-with-dsym";
				ENABLE_NS_ASSERTIONS = NO;
				ENABLE_STRICT_OBJC_MSGSEND = YES;
				GCC_C_LANGUAGE_STANDARD = gnu11;
				GCC_NO_COMMON_BLOCKS = YES;
				GCC_WARN_64_TO_32_BIT_CONVERSION = YES;
				GCC_WARN_ABOUT_RETURN_TYPE = YES_ERROR;
				GCC_WARN_UNDECLARED_SELECTOR = YES;
				GCC_WARN_UNINITIALIZED_AUTOS = YES_AGGRESSIVE;
				GCC_WARN_UNUSED_FUNCTION = YES;
				GCC_WARN_UNUSED_VARIABLE = YES;
				MACOSX_DEPLOYMENT_TARGET = 10.14;
				MTL_ENABLE_DEBUG_INFO = NO;
				MTL_FAST_MATH = YES;
				SDKROOT = macosx;
			};
			name = Release;
		};
		48E14D2F222405FF00852151 /* Debug */ = {
			isa = XCBuildConfiguration;
			buildSettings = {
				CODE_SIGN_STYLE = Automatic;
				DEVELOPMENT_TEAM = F89HYZ4J46;
				PRODUCT_NAME = "$(TARGET_NAME)";
			};
			name = Debug;
		};
		48E14D30222405FF00852151 /* Release */ = {
			isa = XCBuildConfiguration;
			buildSettings = {
				CODE_SIGN_STYLE = Automatic;
				DEVELOPMENT_TEAM = F89HYZ4J46;
				PRODUCT_NAME = "$(TARGET_NAME)";
			};
			name = Release;
		};
		48E14D3A2224061B00852151 /* Debug */ = {
			isa = XCBuildConfiguration;
			buildSettings = {
				CODE_SIGN_STYLE = Automatic;
				DEVELOPMENT_TEAM = F89HYZ4J46;
				PRODUCT_NAME = "$(TARGET_NAME)";
			};
			name = Debug;
		};
		48E14D3B2224061B00852151 /* Release */ = {
			isa = XCBuildConfiguration;
			buildSettings = {
				CODE_SIGN_STYLE = Automatic;
				DEVELOPMENT_TEAM = F89HYZ4J46;
				PRODUCT_NAME = "$(TARGET_NAME)";
			};
			name = Release;
		};
		48E14D4522253DB400852151 /* Debug */ = {
			isa = XCBuildConfiguration;
			buildSettings = {
				CODE_SIGN_STYLE = Automatic;
				DEVELOPMENT_TEAM = F89HYZ4J46;
				PRODUCT_NAME = "$(TARGET_NAME)";
			};
			name = Debug;
		};
		48E14D4622253DB400852151 /* Release */ = {
			isa = XCBuildConfiguration;
			buildSettings = {
				CODE_SIGN_STYLE = Automatic;
				DEVELOPMENT_TEAM = F89HYZ4J46;
				PRODUCT_NAME = "$(TARGET_NAME)";
			};
			name = Release;
		};
/* End XCBuildConfiguration section */

/* Begin XCConfigurationList section */
		488141A8226099E90005AA96 /* Build configuration list for PBXNativeTarget "bisection_method_of_linear_equation" */ = {
			isa = XCConfigurationList;
			buildConfigurations = (
				488141A6226099E90005AA96 /* Debug */,
				488141A7226099E90005AA96 /* Release */,
			);
			defaultConfigurationIsVisible = 0;
			defaultConfigurationName = Release;
		};
		48E14D22222405FF00852151 /* Build configuration list for PBXProject "my_c_practice" */ = {
			isa = XCConfigurationList;
			buildConfigurations = (
				48E14D2C222405FF00852151 /* Debug */,
				48E14D2D222405FF00852151 /* Release */,
			);
			defaultConfigurationIsVisible = 0;
			defaultConfigurationName = Release;
		};
		48E14D2E222405FF00852151 /* Build configuration list for PBXNativeTarget "my_c_practice" */ = {
			isa = XCConfigurationList;
			buildConfigurations = (
				48E14D2F222405FF00852151 /* Debug */,
				48E14D30222405FF00852151 /* Release */,
			);
			defaultConfigurationIsVisible = 0;
			defaultConfigurationName = Release;
		};
		48E14D392224061B00852151 /* Build configuration list for PBXNativeTarget "is_valid_date_or_not" */ = {
			isa = XCConfigurationList;
			buildConfigurations = (
				48E14D3A2224061B00852151 /* Debug */,
				48E14D3B2224061B00852151 /* Release */,
			);
			defaultConfigurationIsVisible = 0;
			defaultConfigurationName = Release;
		};
		48E14D4422253DB400852151 /* Build configuration list for PBXNativeTarget "testing_ground" */ = {
			isa = XCConfigurationList;
			buildConfigurations = (
				48E14D4522253DB400852151 /* Debug */,
				48E14D4622253DB400852151 /* Release */,
			);
			defaultConfigurationIsVisible = 0;
			defaultConfigurationName = Release;
		};
/* End XCConfigurationList section */
	};
	rootObject = 48E14D1F222405FF00852151 /* Project object */;
}
